// !$*UTF8*$!
{
	archiveVersion = 1;
	classes = {
	};
	objectVersion = 55;
	objects = {

/* Begin PBXBuildFile section */
		3E68057328944F2E00810140 /* AppDelegate.swift in Sources */ = {isa = PBXBuildFile; fileRef = 3E68057228944F2E00810140 /* AppDelegate.swift */; };
		3E68057528944F2E00810140 /* SceneDelegate.swift in Sources */ = {isa = PBXBuildFile; fileRef = 3E68057428944F2E00810140 /* SceneDelegate.swift */; };
		3E68057728944F2E00810140 /* PostViewController.swift in Sources */ = {isa = PBXBuildFile; fileRef = 3E68057628944F2E00810140 /* PostViewController.swift */; };
		3E68057A28944F2E00810140 /* Main.storyboard in Resources */ = {isa = PBXBuildFile; fileRef = 3E68057828944F2E00810140 /* Main.storyboard */; };
		3E68057C28944F3000810140 /* Assets.xcassets in Resources */ = {isa = PBXBuildFile; fileRef = 3E68057B28944F3000810140 /* Assets.xcassets */; };
		3E68057F28944F3000810140 /* LaunchScreen.storyboard in Resources */ = {isa = PBXBuildFile; fileRef = 3E68057D28944F3000810140 /* LaunchScreen.storyboard */; };
		3EA99F81289933250008775C /* PostTableViewCell.xib in Resources */ = {isa = PBXBuildFile; fileRef = 3EA99F80289933250008775C /* PostTableViewCell.xib */; };
		3EA99F83289933730008775C /* PostTableViewCell.swift in Sources */ = {isa = PBXBuildFile; fileRef = 3EA99F82289933730008775C /* PostTableViewCell.swift */; };
		3EA99F88289939520008775C /* Storyboarded.swift in Sources */ = {isa = PBXBuildFile; fileRef = 3EA99F87289939520008775C /* Storyboarded.swift */; };
		3EA99F8B28993C090008775C /* BaseViewController.swift in Sources */ = {isa = PBXBuildFile; fileRef = 3EA99F8A28993C090008775C /* BaseViewController.swift */; };
		3EA99F8D28993C720008775C /* Coordinator.swift in Sources */ = {isa = PBXBuildFile; fileRef = 3EA99F8C28993C720008775C /* Coordinator.swift */; };
		3EA99F8F28993CCC0008775C /* AppCoordinator.swift in Sources */ = {isa = PBXBuildFile; fileRef = 3EA99F8E28993CCC0008775C /* AppCoordinator.swift */; };
		3EA99F9128998C930008775C /* PostSearchResultViewController.swift in Sources */ = {isa = PBXBuildFile; fileRef = 3EA99F9028998C930008775C /* PostSearchResultViewController.swift */; };
		3EA99F932899A6240008775C /* PostSearchResultViewModel.swift in Sources */ = {isa = PBXBuildFile; fileRef = 3EA99F922899A6240008775C /* PostSearchResultViewModel.swift */; };
		3EA99F952899A6980008775C /* PostViewModel.swift in Sources */ = {isa = PBXBuildFile; fileRef = 3EA99F942899A6980008775C /* PostViewModel.swift */; };
		3EA99F972899AFB90008775C /* CommentViewModel.swift in Sources */ = {isa = PBXBuildFile; fileRef = 3EA99F962899AFB90008775C /* CommentViewModel.swift */; };
		3EA99F992899B2BE0008775C /* CommentTableViewCell.xib in Resources */ = {isa = PBXBuildFile; fileRef = 3EA99F982899B2BE0008775C /* CommentTableViewCell.xib */; };
		3EA99F9B2899B2D10008775C /* CommentTableViewCell.swift in Sources */ = {isa = PBXBuildFile; fileRef = 3EA99F9A2899B2D10008775C /* CommentTableViewCell.swift */; };
		3EA99F9E289A21B20008775C /* CommentSearchResultViewController.swift in Sources */ = {isa = PBXBuildFile; fileRef = 3EA99F9D289A21B20008775C /* CommentSearchResultViewController.swift */; };
		3EA99FA0289A21F60008775C /* CommentSearchResultViewModel.swift in Sources */ = {isa = PBXBuildFile; fileRef = 3EA99F9F289A21F60008775C /* CommentSearchResultViewModel.swift */; };
		3EDBBDB428985AAE00C8BB10 /* PostsHelper.swift in Sources */ = {isa = PBXBuildFile; fileRef = 3EDBBDB328985AAE00C8BB10 /* PostsHelper.swift */; };
		3EDBBDB628985BDC00C8BB10 /* CommentViewController.swift in Sources */ = {isa = PBXBuildFile; fileRef = 3EDBBDB528985BDC00C8BB10 /* CommentViewController.swift */; };
		3EDBBDB828985BE700C8BB10 /* CommentsHelper.swift in Sources */ = {isa = PBXBuildFile; fileRef = 3EDBBDB728985BE700C8BB10 /* CommentsHelper.swift */; };
		3EDBBDBB28985C1A00C8BB10 /* Post.swift in Sources */ = {isa = PBXBuildFile; fileRef = 3EDBBDBA28985C1A00C8BB10 /* Post.swift */; };
		3EDBBDBD28985C2200C8BB10 /* Comment.swift in Sources */ = {isa = PBXBuildFile; fileRef = 3EDBBDBC28985C2200C8BB10 /* Comment.swift */; };
		3EDBBDC128985C8E00C8BB10 /* EndPoint.swift in Sources */ = {isa = PBXBuildFile; fileRef = 3EDBBDC028985C8E00C8BB10 /* EndPoint.swift */; };
		3EDBBDC328985CBA00C8BB10 /* APIRequestProtocol.swift in Sources */ = {isa = PBXBuildFile; fileRef = 3EDBBDC228985CBA00C8BB10 /* APIRequestProtocol.swift */; };
		3EDBBDC528985D0C00C8BB10 /* NetworkConstants.swift in Sources */ = {isa = PBXBuildFile; fileRef = 3EDBBDC428985D0C00C8BB10 /* NetworkConstants.swift */; };
/* End PBXBuildFile section */

/* Begin PBXFileReference section */
		3E68056F28944F2E00810140 /* PostsAndComments.app */ = {isa = PBXFileReference; explicitFileType = wrapper.application; includeInIndex = 0; path = PostsAndComments.app; sourceTree = BUILT_PRODUCTS_DIR; };
		3E68057228944F2E00810140 /* AppDelegate.swift */ = {isa = PBXFileReference; lastKnownFileType = sourcecode.swift; path = AppDelegate.swift; sourceTree = "<group>"; };
		3E68057428944F2E00810140 /* SceneDelegate.swift */ = {isa = PBXFileReference; lastKnownFileType = sourcecode.swift; path = SceneDelegate.swift; sourceTree = "<group>"; };
		3E68057628944F2E00810140 /* PostViewController.swift */ = {isa = PBXFileReference; lastKnownFileType = sourcecode.swift; path = PostViewController.swift; sourceTree = "<group>"; };
		3E68057928944F2E00810140 /* Base */ = {isa = PBXFileReference; lastKnownFileType = file.storyboard; name = Base; path = Base.lproj/Main.storyboard; sourceTree = "<group>"; };
		3E68057B28944F3000810140 /* Assets.xcassets */ = {isa = PBXFileReference; lastKnownFileType = folder.assetcatalog; path = Assets.xcassets; sourceTree = "<group>"; };
		3E68057E28944F3000810140 /* Base */ = {isa = PBXFileReference; lastKnownFileType = file.storyboard; name = Base; path = Base.lproj/LaunchScreen.storyboard; sourceTree = "<group>"; };
		3E68058028944F3000810140 /* Info.plist */ = {isa = PBXFileReference; lastKnownFileType = text.plist.xml; path = Info.plist; sourceTree = "<group>"; };
		3EA99F80289933250008775C /* PostTableViewCell.xib */ = {isa = PBXFileReference; lastKnownFileType = file.xib; path = PostTableViewCell.xib; sourceTree = "<group>"; };
		3EA99F82289933730008775C /* PostTableViewCell.swift */ = {isa = PBXFileReference; lastKnownFileType = sourcecode.swift; path = PostTableViewCell.swift; sourceTree = "<group>"; };
		3EA99F87289939520008775C /* Storyboarded.swift */ = {isa = PBXFileReference; lastKnownFileType = sourcecode.swift; path = Storyboarded.swift; sourceTree = "<group>"; };
		3EA99F8A28993C090008775C /* BaseViewController.swift */ = {isa = PBXFileReference; lastKnownFileType = sourcecode.swift; path = BaseViewController.swift; sourceTree = "<group>"; };
		3EA99F8C28993C720008775C /* Coordinator.swift */ = {isa = PBXFileReference; lastKnownFileType = sourcecode.swift; path = Coordinator.swift; sourceTree = "<group>"; };
		3EA99F8E28993CCC0008775C /* AppCoordinator.swift */ = {isa = PBXFileReference; lastKnownFileType = sourcecode.swift; path = AppCoordinator.swift; sourceTree = "<group>"; };
		3EA99F9028998C930008775C /* PostSearchResultViewController.swift */ = {isa = PBXFileReference; lastKnownFileType = sourcecode.swift; path = PostSearchResultViewController.swift; sourceTree = "<group>"; };
		3EA99F922899A6240008775C /* PostSearchResultViewModel.swift */ = {isa = PBXFileReference; lastKnownFileType = sourcecode.swift; path = PostSearchResultViewModel.swift; sourceTree = "<group>"; };
		3EA99F942899A6980008775C /* PostViewModel.swift */ = {isa = PBXFileReference; lastKnownFileType = sourcecode.swift; path = PostViewModel.swift; sourceTree = "<group>"; };
		3EA99F962899AFB90008775C /* CommentViewModel.swift */ = {isa = PBXFileReference; lastKnownFileType = sourcecode.swift; path = CommentViewModel.swift; sourceTree = "<group>"; };
		3EA99F982899B2BE0008775C /* CommentTableViewCell.xib */ = {isa = PBXFileReference; lastKnownFileType = file.xib; path = CommentTableViewCell.xib; sourceTree = "<group>"; };
		3EA99F9A2899B2D10008775C /* CommentTableViewCell.swift */ = {isa = PBXFileReference; lastKnownFileType = sourcecode.swift; path = CommentTableViewCell.swift; sourceTree = "<group>"; };
		3EA99F9D289A21B20008775C /* CommentSearchResultViewController.swift */ = {isa = PBXFileReference; lastKnownFileType = sourcecode.swift; path = CommentSearchResultViewController.swift; sourceTree = "<group>"; };
		3EA99F9F289A21F60008775C /* CommentSearchResultViewModel.swift */ = {isa = PBXFileReference; lastKnownFileType = sourcecode.swift; path = CommentSearchResultViewModel.swift; sourceTree = "<group>"; };
		3EDBBDB328985AAE00C8BB10 /* PostsHelper.swift */ = {isa = PBXFileReference; lastKnownFileType = sourcecode.swift; path = PostsHelper.swift; sourceTree = "<group>"; };
		3EDBBDB528985BDC00C8BB10 /* CommentViewController.swift */ = {isa = PBXFileReference; lastKnownFileType = sourcecode.swift; path = CommentViewController.swift; sourceTree = "<group>"; };
		3EDBBDB728985BE700C8BB10 /* CommentsHelper.swift */ = {isa = PBXFileReference; lastKnownFileType = sourcecode.swift; path = CommentsHelper.swift; sourceTree = "<group>"; };
		3EDBBDBA28985C1A00C8BB10 /* Post.swift */ = {isa = PBXFileReference; lastKnownFileType = sourcecode.swift; path = Post.swift; sourceTree = "<group>"; };
		3EDBBDBC28985C2200C8BB10 /* Comment.swift */ = {isa = PBXFileReference; lastKnownFileType = sourcecode.swift; path = Comment.swift; sourceTree = "<group>"; };
		3EDBBDC028985C8E00C8BB10 /* EndPoint.swift */ = {isa = PBXFileReference; lastKnownFileType = sourcecode.swift; path = EndPoint.swift; sourceTree = "<group>"; };
		3EDBBDC228985CBA00C8BB10 /* APIRequestProtocol.swift */ = {isa = PBXFileReference; lastKnownFileType = sourcecode.swift; path = APIRequestProtocol.swift; sourceTree = "<group>"; };
		3EDBBDC428985D0C00C8BB10 /* NetworkConstants.swift */ = {isa = PBXFileReference; lastKnownFileType = sourcecode.swift; path = NetworkConstants.swift; sourceTree = "<group>"; };
/* End PBXFileReference section */

/* Begin PBXFrameworksBuildPhase section */
		3E68056C28944F2E00810140 /* Frameworks */ = {
			isa = PBXFrameworksBuildPhase;
			buildActionMask = 2147483647;
			files = (
			);
			runOnlyForDeploymentPostprocessing = 0;
		};
/* End PBXFrameworksBuildPhase section */

/* Begin PBXGroup section */
		3E297006289BC404009AEFDC /* Modules */ = {
			isa = PBXGroup;
			children = (
				3EDBBDB228985A9300C8BB10 /* POST */,
				3EDBBDB928985BED00C8BB10 /* COMMENT */,
			);
			path = Modules;
			sourceTree = "<group>";
		};
		3E68056628944F2D00810140 = {
			isa = PBXGroup;
			children = (
				3E68057128944F2E00810140 /* PostsAndComments */,
				3E68057028944F2E00810140 /* Products */,
			);
			sourceTree = "<group>";
		};
		3E68057028944F2E00810140 /* Products */ = {
			isa = PBXGroup;
			children = (
				3E68056F28944F2E00810140 /* PostsAndComments.app */,
			);
			name = Products;
			sourceTree = "<group>";
		};
		3E68057128944F2E00810140 /* PostsAndComments */ = {
			isa = PBXGroup;
			children = (
				3E68057228944F2E00810140 /* AppDelegate.swift */,
				3E68057428944F2E00810140 /* SceneDelegate.swift */,
				3EA99FA6289A28100008775C /* Base */,
				3E297006289BC404009AEFDC /* Modules */,
				3EDBBDBE28985C2800C8BB10 /* Model */,
				3EDBBDBF28985C6000C8BB10 /* Networking */,
				3EA99F86289939040008775C /* Storyboard */,
				3EA99F89289939740008775C /* AppProtocols */,
				3EA99F84289938B90008775C /* Common */,
				3E68057B28944F3000810140 /* Assets.xcassets */,
				3E68057D28944F3000810140 /* LaunchScreen.storyboard */,
				3E68058028944F3000810140 /* Info.plist */,
			);
			path = PostsAndComments;
			sourceTree = "<group>";
		};
		3EA99F84289938B90008775C /* Common */ = {
			isa = PBXGroup;
			children = (
				3EA99F85289938DF0008775C /* PostTableCell */,
				3EA99F9C2899B2D90008775C /* CommentTableCell */,
			);
			name = Common;
			sourceTree = "<group>";
		};
		3EA99F85289938DF0008775C /* PostTableCell */ = {
			isa = PBXGroup;
			children = (
				3EA99F80289933250008775C /* PostTableViewCell.xib */,
				3EA99F82289933730008775C /* PostTableViewCell.swift */,
			);
			name = PostTableCell;
			sourceTree = "<group>";
		};
		3EA99F86289939040008775C /* Storyboard */ = {
			isa = PBXGroup;
			children = (
				3E68057828944F2E00810140 /* Main.storyboard */,
			);
			path = Storyboard;
			sourceTree = "<group>";
		};
		3EA99F89289939740008775C /* AppProtocols */ = {
			isa = PBXGroup;
			children = (
				3EA99F87289939520008775C /* Storyboarded.swift */,
				3EA99F8C28993C720008775C /* Coordinator.swift */,
			);
			path = AppProtocols;
			sourceTree = "<group>";
		};
		3EA99F9C2899B2D90008775C /* CommentTableCell */ = {
			isa = PBXGroup;
			children = (
				3EA99F982899B2BE0008775C /* CommentTableViewCell.xib */,
				3EA99F9A2899B2D10008775C /* CommentTableViewCell.swift */,
			);
			path = CommentTableCell;
			sourceTree = "<group>";
		};
		3EA99FA1289A27B40008775C /* Helper */ = {
			isa = PBXGroup;
			children = (
				3EDBBDB328985AAE00C8BB10 /* PostsHelper.swift */,
				3EDBBDB728985BE700C8BB10 /* CommentsHelper.swift */,
			);
			path = Helper;
			sourceTree = "<group>";
		};
		3EA99FA2289A27C80008775C /* ViewModel */ = {
			isa = PBXGroup;
			children = (
				3EA99F942899A6980008775C /* PostViewModel.swift */,
				3EA99F922899A6240008775C /* PostSearchResultViewModel.swift */,
			);
			path = ViewModel;
			sourceTree = "<group>";
		};
		3EA99FA3289A27D40008775C /* Controller */ = {
			isa = PBXGroup;
			children = (
				3E68057628944F2E00810140 /* PostViewController.swift */,
				3EA99F9028998C930008775C /* PostSearchResultViewController.swift */,
			);
			path = Controller;
			sourceTree = "<group>";
		};
		3EA99FA4289A27E70008775C /* ViewModel */ = {
			isa = PBXGroup;
			children = (
				3EA99F962899AFB90008775C /* CommentViewModel.swift */,
				3EA99F9F289A21F60008775C /* CommentSearchResultViewModel.swift */,
			);
			path = ViewModel;
			sourceTree = "<group>";
		};
		3EA99FA5289A27F20008775C /* Controller */ = {
			isa = PBXGroup;
			children = (
				3EDBBDB528985BDC00C8BB10 /* CommentViewController.swift */,
				3EA99F9D289A21B20008775C /* CommentSearchResultViewController.swift */,
			);
			path = Controller;
			sourceTree = "<group>";
		};
		3EA99FA6289A28100008775C /* Base */ = {
			isa = PBXGroup;
			children = (
				3EA99F8A28993C090008775C /* BaseViewController.swift */,
				3EA99F8E28993CCC0008775C /* AppCoordinator.swift */,
			);
			path = Base;
			sourceTree = "<group>";
		};
		3EDBBDB228985A9300C8BB10 /* POST */ = {
			isa = PBXGroup;
			children = (
				3EA99FA1289A27B40008775C /* Helper */,
				3EA99FA2289A27C80008775C /* ViewModel */,
				3EA99FA3289A27D40008775C /* Controller */,
			);
			path = POST;
			sourceTree = "<group>";
		};
		3EDBBDB928985BED00C8BB10 /* COMMENT */ = {
			isa = PBXGroup;
			children = (
				3EA99FA4289A27E70008775C /* ViewModel */,
				3EA99FA5289A27F20008775C /* Controller */,
			);
			path = COMMENT;
			sourceTree = "<group>";
		};
		3EDBBDBE28985C2800C8BB10 /* Model */ = {
			isa = PBXGroup;
			children = (
				3EDBBDBA28985C1A00C8BB10 /* Post.swift */,
				3EDBBDBC28985C2200C8BB10 /* Comment.swift */,
			);
			path = Model;
			sourceTree = "<group>";
		};
		3EDBBDBF28985C6000C8BB10 /* Networking */ = {
			isa = PBXGroup;
			children = (
				3EDBBDC428985D0C00C8BB10 /* NetworkConstants.swift */,
				3EDBBDC028985C8E00C8BB10 /* EndPoint.swift */,
				3EDBBDC228985CBA00C8BB10 /* APIRequestProtocol.swift */,
			);
			path = Networking;
			sourceTree = "<group>";
		};
/* End PBXGroup section */

/* Begin PBXNativeTarget section */
		3E68056E28944F2E00810140 /* PostsAndComments */ = {
			isa = PBXNativeTarget;
			buildConfigurationList = 3E68058328944F3000810140 /* Build configuration list for PBXNativeTarget "PostsAndComments" */;
			buildPhases = (
				3E68056B28944F2E00810140 /* Sources */,
				3E68056C28944F2E00810140 /* Frameworks */,
				3E68056D28944F2E00810140 /* Resources */,
			);
			buildRules = (
			);
			dependencies = (
			);
			name = PostsAndComments;
			productName = PostsAndComments;
			productReference = 3E68056F28944F2E00810140 /* PostsAndComments.app */;
			productType = "com.apple.product-type.application";
		};
/* End PBXNativeTarget section */

/* Begin PBXProject section */
		3E68056728944F2D00810140 /* Project object */ = {
			isa = PBXProject;
			attributes = {
				BuildIndependentTargetsInParallel = 1;
				LastSwiftUpdateCheck = 1340;
				LastUpgradeCheck = 1340;
				TargetAttributes = {
					3E68056E28944F2E00810140 = {
						CreatedOnToolsVersion = 13.4.1;
					};
				};
			};
			buildConfigurationList = 3E68056A28944F2D00810140 /* Build configuration list for PBXProject "PostsAndComments" */;
			compatibilityVersion = "Xcode 13.0";
			developmentRegion = en;
			hasScannedForEncodings = 0;
			knownRegions = (
				en,
				Base,
			);
			mainGroup = 3E68056628944F2D00810140;
			productRefGroup = 3E68057028944F2E00810140 /* Products */;
			projectDirPath = "";
			projectRoot = "";
			targets = (
				3E68056E28944F2E00810140 /* PostsAndComments */,
			);
		};
/* End PBXProject section */

/* Begin PBXResourcesBuildPhase section */
		3E68056D28944F2E00810140 /* Resources */ = {
			isa = PBXResourcesBuildPhase;
			buildActionMask = 2147483647;
			files = (
				3E68057F28944F3000810140 /* LaunchScreen.storyboard in Resources */,
				3E68057C28944F3000810140 /* Assets.xcassets in Resources */,
				3E68057A28944F2E00810140 /* Main.storyboard in Resources */,
				3EA99F81289933250008775C /* PostTableViewCell.xib in Resources */,
				3EA99F992899B2BE0008775C /* CommentTableViewCell.xib in Resources */,
			);
			runOnlyForDeploymentPostprocessing = 0;
		};
/* End PBXResourcesBuildPhase section */

/* Begin PBXSourcesBuildPhase section */
		3E68056B28944F2E00810140 /* Sources */ = {
			isa = PBXSourcesBuildPhase;
			buildActionMask = 2147483647;
			files = (
				3EDBBDB828985BE700C8BB10 /* CommentsHelper.swift in Sources */,
				3EDBBDB628985BDC00C8BB10 /* CommentViewController.swift in Sources */,
				3EA99F9128998C930008775C /* PostSearchResultViewController.swift in Sources */,
				3EA99F8D28993C720008775C /* Coordinator.swift in Sources */,
				3EA99F9B2899B2D10008775C /* CommentTableViewCell.swift in Sources */,
				3EDBBDC528985D0C00C8BB10 /* NetworkConstants.swift in Sources */,
				3EA99F8F28993CCC0008775C /* AppCoordinator.swift in Sources */,
				3EDBBDB428985AAE00C8BB10 /* PostsHelper.swift in Sources */,
				3EDBBDC128985C8E00C8BB10 /* EndPoint.swift in Sources */,
				3EA99F8B28993C090008775C /* BaseViewController.swift in Sources */,
				3EA99FA0289A21F60008775C /* CommentSearchResultViewModel.swift in Sources */,
				3EA99F88289939520008775C /* Storyboarded.swift in Sources */,
				3EDBBDBD28985C2200C8BB10 /* Comment.swift in Sources */,
				3E68057728944F2E00810140 /* PostViewController.swift in Sources */,
				3EDBBDC328985CBA00C8BB10 /* APIRequestProtocol.swift in Sources */,
				3EA99F972899AFB90008775C /* CommentViewModel.swift in Sources */,
				3EA99F932899A6240008775C /* PostSearchResultViewModel.swift in Sources */,
				3E68057328944F2E00810140 /* AppDelegate.swift in Sources */,
				3EA99F952899A6980008775C /* PostViewModel.swift in Sources */,
				3EDBBDBB28985C1A00C8BB10 /* Post.swift in Sources */,
				3E68057528944F2E00810140 /* SceneDelegate.swift in Sources */,
				3EA99F83289933730008775C /* PostTableViewCell.swift in Sources */,
				3EA99F9E289A21B20008775C /* CommentSearchResultViewController.swift in Sources */,
			);
			runOnlyForDeploymentPostprocessing = 0;
		};
/* End PBXSourcesBuildPhase section */

/* Begin PBXVariantGroup section */
		3E68057828944F2E00810140 /* Main.storyboard */ = {
			isa = PBXVariantGroup;
			children = (
				3E68057928944F2E00810140 /* Base */,
			);
			name = Main.storyboard;
			sourceTree = "<group>";
		};
		3E68057D28944F3000810140 /* LaunchScreen.storyboard */ = {
			isa = PBXVariantGroup;
			children = (
				3E68057E28944F3000810140 /* Base */,
			);
			name = LaunchScreen.storyboard;
			sourceTree = "<group>";
		};
/* End PBXVariantGroup section */

/* Begin XCBuildConfiguration section */
		3E68058128944F3000810140 /* Debug */ = {
			isa = XCBuildConfiguration;
			buildSettings = {
				ALWAYS_SEARCH_USER_PATHS = NO;
				CLANG_ANALYZER_NONNULL = YES;
				CLANG_ANALYZER_NUMBER_OBJECT_CONVERSION = YES_AGGRESSIVE;
				CLANG_CXX_LANGUAGE_STANDARD = "gnu++17";
				CLANG_ENABLE_MODULES = YES;
				CLANG_ENABLE_OBJC_ARC = YES;
				CLANG_ENABLE_OBJC_WEAK = YES;
				CLANG_WARN_BLOCK_CAPTURE_AUTORELEASING = YES;
				CLANG_WARN_BOOL_CONVERSION = YES;
				CLANG_WARN_COMMA = YES;
				CLANG_WARN_CONSTANT_CONVERSION = YES;
				CLANG_WARN_DEPRECATED_OBJC_IMPLEMENTATIONS = YES;
				CLANG_WARN_DIRECT_OBJC_ISA_USAGE = YES_ERROR;
				CLANG_WARN_DOCUMENTATION_COMMENTS = YES;
				CLANG_WARN_EMPTY_BODY = YES;
				CLANG_WARN_ENUM_CONVERSION = YES;
				CLANG_WARN_INFINITE_RECURSION = YES;
				CLANG_WARN_INT_CONVERSION = YES;
				CLANG_WARN_NON_LITERAL_NULL_CONVERSION = YES;
				CLANG_WARN_OBJC_IMPLICIT_RETAIN_SELF = YES;
				CLANG_WARN_OBJC_LITERAL_CONVERSION = YES;
				CLANG_WARN_OBJC_ROOT_CLASS = YES_ERROR;
				CLANG_WARN_QUOTED_INCLUDE_IN_FRAMEWORK_HEADER = YES;
				CLANG_WARN_RANGE_LOOP_ANALYSIS = YES;
				CLANG_WARN_STRICT_PROTOTYPES = YES;
				CLANG_WARN_SUSPICIOUS_MOVE = YES;
				CLANG_WARN_UNGUARDED_AVAILABILITY = YES_AGGRESSIVE;
				CLANG_WARN_UNREACHABLE_CODE = YES;
				CLANG_WARN__DUPLICATE_METHOD_MATCH = YES;
				COPY_PHASE_STRIP = NO;
				DEBUG_INFORMATION_FORMAT = dwarf;
				ENABLE_STRICT_OBJC_MSGSEND = YES;
				ENABLE_TESTABILITY = YES;
				GCC_C_LANGUAGE_STANDARD = gnu11;
				GCC_DYNAMIC_NO_PIC = NO;
				GCC_NO_COMMON_BLOCKS = YES;
				GCC_OPTIMIZATION_LEVEL = 0;
				GCC_PREPROCESSOR_DEFINITIONS = (
					"DEBUG=1",
					"$(inherited)",
				);
				GCC_WARN_64_TO_32_BIT_CONVERSION = YES;
				GCC_WARN_ABOUT_RETURN_TYPE = YES_ERROR;
				GCC_WARN_UNDECLARED_SELECTOR = YES;
				GCC_WARN_UNINITIALIZED_AUTOS = YES_AGGRESSIVE;
				GCC_WARN_UNUSED_FUNCTION = YES;
				GCC_WARN_UNUSED_VARIABLE = YES;
				IPHONEOS_DEPLOYMENT_TARGET = 15.5;
				MTL_ENABLE_DEBUG_INFO = INCLUDE_SOURCE;
				MTL_FAST_MATH = YES;
				ONLY_ACTIVE_ARCH = YES;
				SDKROOT = iphoneos;
				SWIFT_ACTIVE_COMPILATION_CONDITIONS = DEBUG;
				SWIFT_OPTIMIZATION_LEVEL = "-Onone";
			};
			name = Debug;
		};
		3E68058228944F3000810140 /* Release */ = {
			isa = XCBuildConfiguration;
			buildSettings = {
				ALWAYS_SEARCH_USER_PATHS = NO;
				CLANG_ANALYZER_NONNULL = YES;
				CLANG_ANALYZER_NUMBER_OBJECT_CONVERSION = YES_AGGRESSIVE;
				CLANG_CXX_LANGUAGE_STANDARD = "gnu++17";
				CLANG_ENABLE_MODULES = YES;
				CLANG_ENABLE_OBJC_ARC = YES;
				CLANG_ENABLE_OBJC_WEAK = YES;
				CLANG_WARN_BLOCK_CAPTURE_AUTORELEASING = YES;
				CLANG_WARN_BOOL_CONVERSION = YES;
				CLANG_WARN_COMMA = YES;
				CLANG_WARN_CONSTANT_CONVERSION = YES;
				CLANG_WARN_DEPRECATED_OBJC_IMPLEMENTATIONS = YES;
				CLANG_WARN_DIRECT_OBJC_ISA_USAGE = YES_ERROR;
				CLANG_WARN_DOCUMENTATION_COMMENTS = YES;
				CLANG_WARN_EMPTY_BODY = YES;
				CLANG_WARN_ENUM_CONVERSION = YES;
				CLANG_WARN_INFINITE_RECURSION = YES;
				CLANG_WARN_INT_CONVERSION = YES;
				CLANG_WARN_NON_LITERAL_NULL_CONVERSION = YES;
				CLANG_WARN_OBJC_IMPLICIT_RETAIN_SELF = YES;
				CLANG_WARN_OBJC_LITERAL_CONVERSION = YES;
				CLANG_WARN_OBJC_ROOT_CLASS = YES_ERROR;
				CLANG_WARN_QUOTED_INCLUDE_IN_FRAMEWORK_HEADER = YES;
				CLANG_WARN_RANGE_LOOP_ANALYSIS = YES;
				CLANG_WARN_STRICT_PROTOTYPES = YES;
				CLANG_WARN_SUSPICIOUS_MOVE = YES;
				CLANG_WARN_UNGUARDED_AVAILABILITY = YES_AGGRESSIVE;
				CLANG_WARN_UNREACHABLE_CODE = YES;
				CLANG_WARN__DUPLICATE_METHOD_MATCH = YES;
				COPY_PHASE_STRIP = NO;
				DEBUG_INFORMATION_FORMAT = "dwarf-with-dsym";
				ENABLE_NS_ASSERTIONS = NO;
				ENABLE_STRICT_OBJC_MSGSEND = YES;
				GCC_C_LANGUAGE_STANDARD = gnu11;
				GCC_NO_COMMON_BLOCKS = YES;
				GCC_WARN_64_TO_32_BIT_CONVERSION = YES;
				GCC_WARN_ABOUT_RETURN_TYPE = YES_ERROR;
				GCC_WARN_UNDECLARED_SELECTOR = YES;
				GCC_WARN_UNINITIALIZED_AUTOS = YES_AGGRESSIVE;
				GCC_WARN_UNUSED_FUNCTION = YES;
				GCC_WARN_UNUSED_VARIABLE = YES;
				IPHONEOS_DEPLOYMENT_TARGET = 15.5;
				MTL_ENABLE_DEBUG_INFO = NO;
				MTL_FAST_MATH = YES;
				SDKROOT = iphoneos;
				SWIFT_COMPILATION_MODE = wholemodule;
				SWIFT_OPTIMIZATION_LEVEL = "-O";
				VALIDATE_PRODUCT = YES;
			};
			name = Release;
		};
		3E68058428944F3000810140 /* Debug */ = {
			isa = XCBuildConfiguration;
			buildSettings = {
				ASSETCATALOG_COMPILER_APPICON_NAME = AppIcon;
				ASSETCATALOG_COMPILER_GLOBAL_ACCENT_COLOR_NAME = AccentColor;
				CODE_SIGN_STYLE = Automatic;
				CURRENT_PROJECT_VERSION = 1;
				GENERATE_INFOPLIST_FILE = YES;
				INFOPLIST_FILE = PostsAndComments/Info.plist;
				INFOPLIST_KEY_UIApplicationSupportsIndirectInputEvents = YES;
				INFOPLIST_KEY_UILaunchStoryboardName = LaunchScreen;
				INFOPLIST_KEY_UIMainStoryboardFile = Main;
				INFOPLIST_KEY_UISupportedInterfaceOrientations_iPad = "UIInterfaceOrientationPortrait UIInterfaceOrientationPortraitUpsideDown UIInterfaceOrientationLandscapeLeft UIInterfaceOrientationLandscapeRight";
				INFOPLIST_KEY_UISupportedInterfaceOrientations_iPhone = "UIInterfaceOrientationPortrait UIInterfaceOrientationLandscapeLeft UIInterfaceOrientationLandscapeRight";
				LD_RUNPATH_SEARCH_PATHS = (
					"$(inherited)",
					"@executable_path/Frameworks",
				);
				MARKETING_VERSION = 1.0;
				PRODUCT_BUNDLE_IDENTIFIER = FAMCO.PostsAndComments;
				PRODUCT_NAME = "$(TARGET_NAME)";
				SWIFT_EMIT_LOC_STRINGS = YES;
				SWIFT_VERSION = 5.0;
				TARGETED_DEVICE_FAMILY = "1,2";
			};
			name = Debug;
		};
		3E68058528944F3000810140 /* Release */ = {
			isa = XCBuildConfiguration;
			buildSettings = {
				ASSETCATALOG_COMPILER_APPICON_NAME = AppIcon;
				ASSETCATALOG_COMPILER_GLOBAL_ACCENT_COLOR_NAME = AccentColor;
				CODE_SIGN_STYLE = Automatic;
				CURRENT_PROJECT_VERSION = 1;
				GENERATE_INFOPLIST_FILE = YES;
				INFOPLIST_FILE = PostsAndComments/Info.plist;
				INFOPLIST_KEY_UIApplicationSupportsIndirectInputEvents = YES;
				INFOPLIST_KEY_UILaunchStoryboardName = LaunchScreen;
				INFOPLIST_KEY_UIMainStoryboardFile = Main;
				INFOPLIST_KEY_UISupportedInterfaceOrientations_iPad = "UIInterfaceOrientationPortrait UIInterfaceOrientationPortraitUpsideDown UIInterfaceOrientationLandscapeLeft UIInterfaceOrientationLandscapeRight";
				INFOPLIST_KEY_UISupportedInterfaceOrientations_iPhone = "UIInterfaceOrientationPortrait UIInterfaceOrientationLandscapeLeft UIInterfaceOrientationLandscapeRight";
				LD_RUNPATH_SEARCH_PATHS = (
					"$(inherited)",
					"@executable_path/Frameworks",
				);
				MARKETING_VERSION = 1.0;
				PRODUCT_BUNDLE_IDENTIFIER = FAMCO.PostsAndComments;
				PRODUCT_NAME = "$(TARGET_NAME)";
				SWIFT_EMIT_LOC_STRINGS = YES;
				SWIFT_VERSION = 5.0;
				TARGETED_DEVICE_FAMILY = "1,2";
			};
			name = Release;
		};
/* End XCBuildConfiguration section */

/* Begin XCConfigurationList section */
		3E68056A28944F2D00810140 /* Build configuration list for PBXProject "PostsAndComments" */ = {
			isa = XCConfigurationList;
			buildConfigurations = (
				3E68058128944F3000810140 /* Debug */,
				3E68058228944F3000810140 /* Release */,
			);
			defaultConfigurationIsVisible = 0;
			defaultConfigurationName = Release;
		};
		3E68058328944F3000810140 /* Build configuration list for PBXNativeTarget "PostsAndComments" */ = {
			isa = XCConfigurationList;
			buildConfigurations = (
				3E68058428944F3000810140 /* Debug */,
				3E68058528944F3000810140 /* Release */,
			);
			defaultConfigurationIsVisible = 0;
			defaultConfigurationName = Release;
		};
/* End XCConfigurationList section */
	};
	rootObject = 3E68056728944F2D00810140 /* Project object */;
}
